# This file is automatically @generated by Cargo.
# It is not intended for manual editing.
[[package]]
name = "pi"
version = "0.1.0"
dependencies = [
 "volatile 0.1.0 (git+https://github.com/vincenthouyi/LakeOS-Volatile)",
]

[[package]]
name = "volatile"
version = "0.1.0"
source = "git+https://github.com/vincenthouyi/LakeOS-Volatile#43ca6266d8cc36734ad3b9ee2ae671976c9922ab"

[metadata]
"checksum volatile 0.1.0 (git+https://github.com/vincenthouyi/LakeOS-Volatile)" = "<none>"
