# This file is automatically @generated by Cargo.
# It is not intended for manual editing.
version = 3

[[package]]
name = "align-data"
version = "0.1.0"
source = "registry+https://github.com/rust-lang/crates.io-index"
checksum = "1926655ba000b19e21f0402be09a1d52d318c8a8a68622870bfb7af2a71315cd"

[[package]]
name = "atags"
version = "0.1.0"

[[package]]
name = "autocfg"
version = "1.0.1"
source = "registry+https://github.com/rust-lang/crates.io-index"
checksum = "cdb031dd78e28731d87d56cc8ffef4a8f36ca26c38fe2de700543e627f8a464a"

[[package]]
name = "bitflags"
version = "1.3.2"
source = "registry+https://github.com/rust-lang/crates.io-index"
checksum = "bef38d45163c2f1dde094a7dfd33ccf595c92905c8f8f4fdc18d06fb1037718a"

[[package]]
name = "bootloader"
version = "0.1.0"
dependencies = [
 "align-data",
 "atags",
 "cpio",
 "elf-loader",
 "elf_rs",
 "log",
 "pi",
 "spin",
 "vspace",
]

[[package]]
name = "cfg-if"
version = "1.0.0"
source = "registry+https://github.com/rust-lang/crates.io-index"
checksum = "baf1de4339761588bc0619e3cbc0120ee582ebb74b53b4efbf79117bd2da40fd"

[[package]]
name = "cpio"
version = "0.1.0"

[[package]]
name = "elf-loader"
version = "0.1.0"
dependencies = [
 "elf_rs",
]

[[package]]
name = "elf_rs"
version = "0.3.0"
source = "registry+https://github.com/rust-lang/crates.io-index"
checksum = "9cf723f70efb0373c0b2501d943cf20ac1adbbd8e7c8eef926b2be545e5a33e8"
dependencies = [
 "bitflags",
 "num-traits",
]

[[package]]
name = "log"
version = "0.4.14"
source = "registry+https://github.com/rust-lang/crates.io-index"
checksum = "51b9bbe6c47d51fc3e1a9b945965946b4c44142ab8792c50835a980d362c2710"
dependencies = [
 "cfg-if",
]

[[package]]
name = "num-traits"
version = "0.2.14"
source = "registry+https://github.com/rust-lang/crates.io-index"
checksum = "9a64b1ec5cda2586e284722486d802acf1f7dbdc623e2bfc57e65ca1cd099290"
dependencies = [
 "autocfg",
]

[[package]]
name = "pi"
version = "0.1.0"
dependencies = [
 "volatile",
]

[[package]]
name = "spin"
version = "0.5.2"
source = "registry+https://github.com/rust-lang/crates.io-index"
checksum = "6e63cff320ae2c57904679ba7cb63280a3dc4613885beafb148ee7bf9aa9042d"

[[package]]
name = "volatile"
version = "0.4.4"
source = "registry+https://github.com/rust-lang/crates.io-index"
checksum = "e4c2dbd44eb8b53973357e6e207e370f0c1059990df850aca1eca8947cf464f0"

[[package]]
name = "vspace"
version = "0.1.0"
dependencies = [
 "bitflags",
 "log",
]
