# This file is automatically @generated by Cargo.
# It is not intended for manual editing.
version = 3

[[package]]
name = "ahash"
version = "0.3.8"
source = "registry+https://github.com/rust-lang/crates.io-index"
checksum = "e8fd72866655d1904d6b0997d0b07ba561047d070fbe29de039031c641b61217"

[[package]]
name = "async-trait"
version = "0.1.42"
source = "registry+https://github.com/rust-lang/crates.io-index"
checksum = "8d3a45e77e34375a7923b1e8febb049bb011f064714a8e17a1a616fef01da13d"
dependencies = [
 "proc-macro2",
 "quote",
 "syn",
]

[[package]]
name = "autocfg"
version = "1.0.1"
source = "registry+https://github.com/rust-lang/crates.io-index"
checksum = "cdb031dd78e28731d87d56cc8ffef4a8f36ca26c38fe2de700543e627f8a464a"

[[package]]
name = "bare-io"
version = "0.2.1"
source = "registry+https://github.com/rust-lang/crates.io-index"
checksum = "dec6ec4815d7aacd0be4ec053ef9e2883b22f79b29f9bd2ef3f79003e3ee7c9d"
dependencies = [
 "memchr",
]

[[package]]
name = "bitflags"
version = "1.2.1"
source = "registry+https://github.com/rust-lang/crates.io-index"
checksum = "cf1de2fe8c75bc145a2f577add951f8134889b4795d47466a54a5c846d691693"

[[package]]
name = "cfg-if"
version = "0.1.10"
source = "registry+https://github.com/rust-lang/crates.io-index"
checksum = "4785bdd1c96b2a846b2bd7cc02e86b6b3dbf14e7e53446c4f54c92a361040822"

[[package]]
name = "cfg-if"
version = "1.0.0"
source = "registry+https://github.com/rust-lang/crates.io-index"
checksum = "baf1de4339761588bc0619e3cbc0120ee582ebb74b53b4efbf79117bd2da40fd"

[[package]]
name = "conquer-once"
version = "0.2.1"
source = "registry+https://github.com/rust-lang/crates.io-index"
checksum = "96eb12fb69466716fbae9009d389e6a30830ae8975e170eff2d2cff579f9efa3"
dependencies = [
 "conquer-util",
]

[[package]]
name = "conquer-util"
version = "0.2.0"
source = "registry+https://github.com/rust-lang/crates.io-index"
checksum = "654fb2472cc369d311c547103a1fa81d467bef370ae7a0680f65939895b1182a"

[[package]]
name = "console"
version = "0.1.0"
dependencies = [
 "async-trait",
 "conquer-once",
 "futures-util",
 "log",
 "naive",
 "pi",
 "rustyl4api",
 "spin",
]

[[package]]
name = "cpio"
version = "0.1.0"

[[package]]
name = "crossbeam-queue"
version = "0.2.3"
source = "registry+https://github.com/rust-lang/crates.io-index"
checksum = "774ba60a54c213d409d5353bda12d49cd68d14e45036a285234c8d6f91f92570"
dependencies = [
 "cfg-if 0.1.10",
 "crossbeam-utils",
 "maybe-uninit",
]

[[package]]
name = "crossbeam-utils"
version = "0.7.2"
source = "registry+https://github.com/rust-lang/crates.io-index"
checksum = "c3c7c73a2d1e9fc0886a08b93e98eb643461230d5f1925e4036204d5f2e261a8"
dependencies = [
 "autocfg",
 "cfg-if 0.1.10",
]

[[package]]
name = "elfloader"
version = "0.12.0"
source = "registry+https://github.com/rust-lang/crates.io-index"
checksum = "e368ef542ceca07d3910510e7b0741e8bb531a684d604af8ef8a963eeb5fb1c7"
dependencies = [
 "bitflags",
 "log",
 "xmas-elf",
]

[[package]]
name = "futures-core"
version = "0.3.8"
source = "git+https://github.com/vincenthouyi/futures-rs.git?branch=lakeos#a7e3f55d91e0c5f68a16c9398c0dd5ce934264a7"

[[package]]
name = "futures-io"
version = "0.3.8"
source = "git+https://github.com/vincenthouyi/futures-rs.git?branch=lakeos#a7e3f55d91e0c5f68a16c9398c0dd5ce934264a7"
dependencies = [
 "bare-io",
]

[[package]]
name = "futures-macro"
version = "0.3.8"
source = "git+https://github.com/vincenthouyi/futures-rs.git?branch=lakeos#a7e3f55d91e0c5f68a16c9398c0dd5ce934264a7"
dependencies = [
 "proc-macro-hack",
 "proc-macro2",
 "quote",
 "syn",
]

[[package]]
name = "futures-task"
version = "0.3.8"
source = "git+https://github.com/vincenthouyi/futures-rs.git?branch=lakeos#a7e3f55d91e0c5f68a16c9398c0dd5ce934264a7"

[[package]]
name = "futures-util"
version = "0.3.8"
source = "git+https://github.com/vincenthouyi/futures-rs.git?branch=lakeos#a7e3f55d91e0c5f68a16c9398c0dd5ce934264a7"
dependencies = [
 "bare-io",
 "futures-core",
 "futures-io",
 "futures-macro",
 "futures-task",
 "memchr",
 "pin-project-lite",
 "pin-utils",
 "proc-macro-hack",
 "proc-macro-nested",
]

[[package]]
name = "hashbrown"
version = "0.8.2"
source = "registry+https://github.com/rust-lang/crates.io-index"
checksum = "e91b62f79061a0bc2e046024cb7ba44b08419ed238ecbd9adbd787434b9e8c25"
dependencies = [
 "ahash",
 "autocfg",
]

[[package]]
name = "init_thread"
version = "0.1.0"
dependencies = [
 "async-trait",
 "cpio",
 "crossbeam-queue",
 "futures-util",
 "hashbrown",
 "lazy_static",
 "log",
 "naive",
 "pi",
 "r0",
 "rustyl4api",
 "spin",
]

[[package]]
name = "itoa"
version = "0.4.7"
source = "registry+https://github.com/rust-lang/crates.io-index"
checksum = "dd25036021b0de88a0aff6b850051563c6516d0bf53f8638938edbb9de732736"

[[package]]
name = "lazy_static"
version = "1.4.0"
source = "registry+https://github.com/rust-lang/crates.io-index"
checksum = "e2abad23fbc42b3700f2f279844dc832adb2b2eb069b2df918f455c4e18cc646"
dependencies = [
 "spin",
]

[[package]]
name = "log"
version = "0.4.14"
source = "registry+https://github.com/rust-lang/crates.io-index"
checksum = "51b9bbe6c47d51fc3e1a9b945965946b4c44142ab8792c50835a980d362c2710"
dependencies = [
 "cfg-if 1.0.0",
]

[[package]]
name = "maybe-uninit"
version = "2.0.0"
source = "registry+https://github.com/rust-lang/crates.io-index"
checksum = "60302e4db3a61da70c0cb7991976248362f30319e88850c487b9b95bbf059e00"

[[package]]
name = "memchr"
version = "2.3.4"
source = "registry+https://github.com/rust-lang/crates.io-index"
checksum = "0ee1c47aaa256ecabcaea351eae4a9b01ef39ed810004e298d2511ed284b1525"

[[package]]
name = "naive"
version = "0.1.0"
dependencies = [
 "async-trait",
 "conquer-once",
 "crossbeam-queue",
 "elfloader",
 "futures-util",
 "hashbrown",
 "lazy_static",
 "log",
 "naive-attributes",
 "num-traits",
 "r0",
 "rustyl4api",
 "serde",
 "serde_json",
 "spin",
 "volatile",
]

[[package]]
name = "naive-attributes"
version = "0.1.0"
dependencies = [
 "quote",
 "syn",
]

[[package]]
name = "num-derive"
version = "0.3.0"
source = "git+https://github.com/vincenthouyi/num-derive#b5dd41ead133c7aee67433ebcd1388b8a4f9dab5"
dependencies = [
 "proc-macro2",
 "quote",
 "syn",
]

[[package]]
name = "num-traits"
version = "0.2.14"
source = "registry+https://github.com/rust-lang/crates.io-index"
checksum = "9a64b1ec5cda2586e284722486d802acf1f7dbdc623e2bfc57e65ca1cd099290"
dependencies = [
 "autocfg",
]

[[package]]
name = "pi"
version = "0.1.0"
dependencies = [
 "volatile",
]

[[package]]
name = "pin-project-lite"
version = "0.2.4"
source = "registry+https://github.com/rust-lang/crates.io-index"
checksum = "439697af366c49a6d0a010c56a0d97685bc140ce0d377b13a2ea2aa42d64a827"

[[package]]
name = "pin-utils"
version = "0.1.0"
source = "registry+https://github.com/rust-lang/crates.io-index"
checksum = "8b870d8c151b6f2fb93e84a13146138f05d02ed11c7e7c54f8826aaaf7c9f184"

[[package]]
name = "proc-macro-hack"
version = "0.5.19"
source = "registry+https://github.com/rust-lang/crates.io-index"
checksum = "dbf0c48bc1d91375ae5c3cd81e3722dff1abcf81a30960240640d223f59fe0e5"

[[package]]
name = "proc-macro-nested"
version = "0.1.7"
source = "registry+https://github.com/rust-lang/crates.io-index"
checksum = "bc881b2c22681370c6a780e47af9840ef841837bc98118431d4e1868bd0c1086"

[[package]]
name = "proc-macro2"
version = "1.0.24"
source = "registry+https://github.com/rust-lang/crates.io-index"
checksum = "1e0704ee1a7e00d7bb417d0770ea303c1bccbabf0ef1667dae92b5967f5f8a71"
dependencies = [
 "unicode-xid",
]

[[package]]
name = "quote"
version = "1.0.8"
source = "registry+https://github.com/rust-lang/crates.io-index"
checksum = "991431c3519a3f36861882da93630ce66b52918dcf1b8e2fd66b397fc96f28df"
dependencies = [
 "proc-macro2",
]

[[package]]
name = "r0"
version = "1.0.0"
source = "registry+https://github.com/rust-lang/crates.io-index"
checksum = "bd7a31eed1591dcbc95d92ad7161908e72f4677f8fabf2a32ca49b4237cbf211"

[[package]]
name = "rustyl4api"
version = "0.1.0"
dependencies = [
 "log",
 "num-derive",
 "num-traits",
 "spin",
 "vspace",
]

[[package]]
name = "ryu"
version = "1.0.5"
source = "registry+https://github.com/rust-lang/crates.io-index"
checksum = "71d301d4193d031abdd79ff7e3dd721168a9572ef3fe51a1517aba235bd8f86e"

[[package]]
name = "serde"
version = "1.0.123"
source = "registry+https://github.com/rust-lang/crates.io-index"
checksum = "92d5161132722baa40d802cc70b15262b98258453e85e5d1d365c757c73869ae"
dependencies = [
 "serde_derive",
]

[[package]]
name = "serde_derive"
version = "1.0.123"
source = "registry+https://github.com/rust-lang/crates.io-index"
checksum = "9391c295d64fc0abb2c556bad848f33cb8296276b1ad2677d1ae1ace4f258f31"
dependencies = [
 "proc-macro2",
 "quote",
 "syn",
]

[[package]]
name = "serde_json"
version = "1.0.61"
source = "registry+https://github.com/rust-lang/crates.io-index"
checksum = "4fceb2595057b6891a4ee808f70054bd2d12f0e97f1cbb78689b59f676df325a"
dependencies = [
 "itoa",
 "ryu",
 "serde",
]

[[package]]
name = "shell"
version = "0.1.0"
dependencies = [
 "conquer-once",
 "futures-util",
 "log",
 "naive",
 "rustyl4api",
 "spin",
]

[[package]]
name = "spin"
version = "0.5.2"
source = "registry+https://github.com/rust-lang/crates.io-index"
checksum = "6e63cff320ae2c57904679ba7cb63280a3dc4613885beafb148ee7bf9aa9042d"

[[package]]
name = "syn"
version = "1.0.60"
source = "registry+https://github.com/rust-lang/crates.io-index"
checksum = "c700597eca8a5a762beb35753ef6b94df201c81cca676604f547495a0d7f0081"
dependencies = [
 "proc-macro2",
 "quote",
 "unicode-xid",
]

[[package]]
name = "timer"
version = "0.1.0"
dependencies = [
 "async-trait",
 "conquer-once",
 "futures-util",
 "log",
 "naive",
 "pi",
 "rustyl4api",
 "spin",
]

[[package]]
name = "unicode-xid"
version = "0.2.1"
source = "registry+https://github.com/rust-lang/crates.io-index"
checksum = "f7fe0bb3479651439c9112f72b6c505038574c9fbb575ed1bf3b797fa39dd564"

[[package]]
name = "volatile"
version = "0.4.3"
source = "registry+https://github.com/rust-lang/crates.io-index"
checksum = "8a9dc439ba8353e28f34356cf26f7847e5f15f33ccedde090278fa8ff08f4e10"

[[package]]
name = "vspace"
version = "0.1.0"
dependencies = [
 "bitflags",
 "log",
]

[[package]]
name = "xmas-elf"
version = "0.7.0"
source = "registry+https://github.com/rust-lang/crates.io-index"
checksum = "e74de9a366f6ab8c405fa6b371d9ac24943921fa14b3d64afcb202065c405f11"
dependencies = [
 "zero",
]

[[package]]
name = "zero"
version = "0.1.2"
source = "registry+https://github.com/rust-lang/crates.io-index"
checksum = "5f1bc8a6b2005884962297587045002d8cfb8dcec9db332f4ca216ddc5de82c5"
